
Microsoft Visual Studio Solution File, Format Version 12.00
# Visual Studio 15
VisualStudioVersion = 15.0.28010.2036
MinimumVisualStudioVersion = 10.0.40219.1
Project("{FAE04EC0-301F-11D3-BF4B-00C04F79EFBC}") = "test_api", "test_api\test_api.csproj", "{B5527B29-E1C6-49E1-BBBB-B7116589A7EF}"
EndProject
Global
	GlobalSection(SolutionConfigurationPlatforms) = preSolution
		Debug|Any CPU = Debug|Any CPU
		Release|Any CPU = Release|Any CPU
	EndGlobalSection
	GlobalSection(ProjectConfigurationPlatforms) = postSolution
		{B5527B29-E1C6-49E1-BBBB-B7116589A7EF}.Debug|Any CPU.ActiveCfg = Debug|Any CPU
		{B5527B29-E1C6-49E1-BBBB-B7116589A7EF}.Debug|Any CPU.Build.0 = Debug|Any CPU
		{B5527B29-E1C6-49E1-BBBB-B7116589A7EF}.Release|Any CPU.ActiveCfg = Release|Any CPU
		{B5527B29-E1C6-49E1-BBBB-B7116589A7EF}.Release|Any CPU.Build.0 = Release|Any CPU
	EndGlobalSection
	GlobalSection(SolutionProperties) = preSolution
		HideSolutionNode = FALSE
	EndGlobalSection
	GlobalSection(ExtensibilityGlobals) = postSolution
		SolutionGuid = {93D25D25-B539-45AB-AAAA-7BDCA7001A8D}
	EndGlobalSection
EndGlobal
