
Microsoft Visual Studio Solution File, Format Version 12.00
# Visual Studio 15
VisualStudioVersion = 15.0.27703.2047
MinimumVisualStudioVersion = 10.0.40219.1
Project("{FAE04EC0-301F-11D3-BF4B-00C04F79EFBC}") = "Web2Model", "Web2Model\Web2Model.csproj", "{A366FFF0-C224-42F2-8D9B-8751261D3C0B}"
EndProject
Project("{FAE04EC0-301F-11D3-BF4B-00C04F79EFBC}") = "CmdbModel", "CmdbModel\CmdbModel.csproj", "{FF616021-FA6A-43A8-8374-67DBF3443FE8}"
EndProject
Project("{FAE04EC0-301F-11D3-BF4B-00C04F79EFBC}") = "TimeTracker", "..\TimeTracker\TimeTracker.csproj", "{90B7A92C-A0BE-41DA-927D-D4B05E10B974}"
EndProject
Global
	GlobalSection(SolutionConfigurationPlatforms) = preSolution
		Debug|Any CPU = Debug|Any CPU
		Release|Any CPU = Release|Any CPU
	EndGlobalSection
	GlobalSection(ProjectConfigurationPlatforms) = postSolution
		{A366FFF0-C224-42F2-8D9B-8751261D3C0B}.Debug|Any CPU.ActiveCfg = Debug|Any CPU
		{A366FFF0-C224-42F2-8D9B-8751261D3C0B}.Debug|Any CPU.Build.0 = Debug|Any CPU
		{A366FFF0-C224-42F2-8D9B-8751261D3C0B}.Release|Any CPU.ActiveCfg = Release|Any CPU
		{A366FFF0-C224-42F2-8D9B-8751261D3C0B}.Release|Any CPU.Build.0 = Release|Any CPU
		{FF616021-FA6A-43A8-8374-67DBF3443FE8}.Debug|Any CPU.ActiveCfg = Debug|Any CPU
		{FF616021-FA6A-43A8-8374-67DBF3443FE8}.Debug|Any CPU.Build.0 = Debug|Any CPU
		{FF616021-FA6A-43A8-8374-67DBF3443FE8}.Release|Any CPU.ActiveCfg = Release|Any CPU
		{FF616021-FA6A-43A8-8374-67DBF3443FE8}.Release|Any CPU.Build.0 = Release|Any CPU
		{90B7A92C-A0BE-41DA-927D-D4B05E10B974}.Debug|Any CPU.ActiveCfg = Debug|Any CPU
		{90B7A92C-A0BE-41DA-927D-D4B05E10B974}.Debug|Any CPU.Build.0 = Debug|Any CPU
		{90B7A92C-A0BE-41DA-927D-D4B05E10B974}.Release|Any CPU.ActiveCfg = Release|Any CPU
		{90B7A92C-A0BE-41DA-927D-D4B05E10B974}.Release|Any CPU.Build.0 = Release|Any CPU
	EndGlobalSection
	GlobalSection(SolutionProperties) = preSolution
		HideSolutionNode = FALSE
	EndGlobalSection
	GlobalSection(ExtensibilityGlobals) = postSolution
		SolutionGuid = {1A71EC92-A26A-40B0-B006-4FBE59E387F2}
	EndGlobalSection
EndGlobal
